Microsoft Visual Studio Solution File, Format Version 12.00
# Visual Studio Version 17
VisualStudioVersion = 17.8.0.0
MinimumVisualStudioVersion = 17.8.0.0
Project("{9A19103F-16F7-4668-BE54-9A1E7A4F7556}") = "Codemotion24.AppHost", "Codemotion24.AppHost\Codemotion24.AppHost.csproj", "{BC18E870-2B96-4BD9-A781-E0A1864973AF}"
EndProject
Project("{9A19103F-16F7-4668-BE54-9A1E7A4F7556}") = "Codemotion24.ServiceDefaults", "Codemotion24.ServiceDefaults\Codemotion24.ServiceDefaults.csproj", "{41E7277B-B841-49E9-8B88-51231E4D3A90}"
EndProject
Project("{9A19103F-16F7-4668-BE54-9A1E7A4F7556}") = "Codemotion24.ApiService", "Codemotion24.ApiService\Codemotion24.ApiService.csproj", "{C2F012D3-B30C-47C4-8711-DD9C2DE61D8F}"
EndProject
Global
	GlobalSection(SolutionConfigurationPlatforms) = preSolution
		Debug|Any CPU = Debug|Any CPU
		Release|Any CPU = Release|Any CPU
	EndGlobalSection
	GlobalSection(ProjectConfigurationPlatforms) = postSolution
		{BC18E870-2B96-4BD9-A781-E0A1864973AF}.Debug|Any CPU.ActiveCfg = Debug|Any CPU
		{BC18E870-2B96-4BD9-A781-E0A1864973AF}.Debug|Any CPU.Build.0 = Debug|Any CPU
		{BC18E870-2B96-4BD9-A781-E0A1864973AF}.Release|Any CPU.ActiveCfg = Release|Any CPU
		{BC18E870-2B96-4BD9-A781-E0A1864973AF}.Release|Any CPU.Build.0 = Release|Any CPU
		{41E7277B-B841-49E9-8B88-51231E4D3A90}.Debug|Any CPU.ActiveCfg = Debug|Any CPU
		{41E7277B-B841-49E9-8B88-51231E4D3A90}.Debug|Any CPU.Build.0 = Debug|Any CPU
		{41E7277B-B841-49E9-8B88-51231E4D3A90}.Release|Any CPU.ActiveCfg = Release|Any CPU
		{41E7277B-B841-49E9-8B88-51231E4D3A90}.Release|Any CPU.Build.0 = Release|Any CPU
		{C2F012D3-B30C-47C4-8711-DD9C2DE61D8F}.Debug|Any CPU.ActiveCfg = Debug|Any CPU
		{C2F012D3-B30C-47C4-8711-DD9C2DE61D8F}.Debug|Any CPU.Build.0 = Debug|Any CPU
		{C2F012D3-B30C-47C4-8711-DD9C2DE61D8F}.Release|Any CPU.ActiveCfg = Release|Any CPU
		{C2F012D3-B30C-47C4-8711-DD9C2DE61D8F}.Release|Any CPU.Build.0 = Release|Any CPU
	EndGlobalSection
	GlobalSection(SolutionProperties) = preSolution
		HideSolutionNode = FALSE
	EndGlobalSection
	GlobalSection(ExtensibilityGlobals) = postSolution
		SolutionGuid = {39157734-49C8-47FE-98BB-49E070062335}
	EndGlobalSection
EndGlobal
